
Microsoft Visual Studio Solution File, Format Version 12.00
Project("{FAE04EC0-301F-11D3-BF4B-00C04F79EFBC}") = "Sixth", "Sixth\Sixth.csproj", "{723A8462-2604-4A38-9575-A1E9E0E589BD}"
EndProject
Global
	GlobalSection(SolutionConfigurationPlatforms) = preSolution
		Debug|Any CPU = Debug|Any CPU
		Release|Any CPU = Release|Any CPU
	EndGlobalSection
	GlobalSection(ProjectConfigurationPlatforms) = postSolution
		{723A8462-2604-4A38-9575-A1E9E0E589BD}.Debug|Any CPU.ActiveCfg = Debug|Any CPU
		{723A8462-2604-4A38-9575-A1E9E0E589BD}.Debug|Any CPU.Build.0 = Debug|Any CPU
		{723A8462-2604-4A38-9575-A1E9E0E589BD}.Release|Any CPU.ActiveCfg = Release|Any CPU
		{723A8462-2604-4A38-9575-A1E9E0E589BD}.Release|Any CPU.Build.0 = Release|Any CPU
	EndGlobalSection
EndGlobal
